// !$*UTF8*$!
{
	archiveVersion = 1;
	classes = {
	};
	objectVersion = 50;
	objects = {

/* Begin PBXBuildFile section */
		F246F6B125EEAC3F00571B3B /* MoonShotApp.swift in Sources */ = {isa = PBXBuildFile; fileRef = F246F6B025EEAC3F00571B3B /* MoonShotApp.swift */; };
		F246F6B325EEAC3F00571B3B /* ContentView.swift in Sources */ = {isa = PBXBuildFile; fileRef = F246F6B225EEAC3F00571B3B /* ContentView.swift */; };
		F246F6B525EEAC4200571B3B /* Assets.xcassets in Resources */ = {isa = PBXBuildFile; fileRef = F246F6B425EEAC4200571B3B /* Assets.xcassets */; };
		F246F6B825EEAC4200571B3B /* Preview Assets.xcassets in Resources */ = {isa = PBXBuildFile; fileRef = F246F6B725EEAC4200571B3B /* Preview Assets.xcassets */; };
		F246F6C225EFE20400571B3B /* astronauts.json in Resources */ = {isa = PBXBuildFile; fileRef = F246F6C025EFE20300571B3B /* astronauts.json */; };
		F246F6C325EFE20400571B3B /* missions.json in Resources */ = {isa = PBXBuildFile; fileRef = F246F6C125EFE20300571B3B /* missions.json */; };
		F246F6C625EFE8AA00571B3B /* Astronaut.swift in Sources */ = {isa = PBXBuildFile; fileRef = F246F6C525EFE8AA00571B3B /* Astronaut.swift */; };
		F246F6C925EFE94E00571B3B /* Bundle-Decodable.swift in Sources */ = {isa = PBXBuildFile; fileRef = F246F6C825EFE94E00571B3B /* Bundle-Decodable.swift */; };
		F246F6CC25EFECE600571B3B /* Mission.swift in Sources */ = {isa = PBXBuildFile; fileRef = F246F6CB25EFECE600571B3B /* Mission.swift */; };
		F2F25C0125F1259A0012A53B /* MissionView.swift in Sources */ = {isa = PBXBuildFile; fileRef = F2F25C0025F1259A0012A53B /* MissionView.swift */; };
		F2F25C0425F133B30012A53B /* AstronautView.swift in Sources */ = {isa = PBXBuildFile; fileRef = F2F25C0325F133B30012A53B /* AstronautView.swift */; };
/* End PBXBuildFile section */

/* Begin PBXFileReference section */
		F246F6AD25EEAC3F00571B3B /* MoonShot.app */ = {isa = PBXFileReference; explicitFileType = wrapper.application; includeInIndex = 0; path = MoonShot.app; sourceTree = BUILT_PRODUCTS_DIR; };
		F246F6B025EEAC3F00571B3B /* MoonShotApp.swift */ = {isa = PBXFileReference; lastKnownFileType = sourcecode.swift; path = MoonShotApp.swift; sourceTree = "<group>"; };
		F246F6B225EEAC3F00571B3B /* ContentView.swift */ = {isa = PBXFileReference; lastKnownFileType = sourcecode.swift; path = ContentView.swift; sourceTree = "<group>"; };
		F246F6B425EEAC4200571B3B /* Assets.xcassets */ = {isa = PBXFileReference; lastKnownFileType = folder.assetcatalog; path = Assets.xcassets; sourceTree = "<group>"; };
		F246F6B725EEAC4200571B3B /* Preview Assets.xcassets */ = {isa = PBXFileReference; lastKnownFileType = folder.assetcatalog; path = "Preview Assets.xcassets"; sourceTree = "<group>"; };
		F246F6B925EEAC4200571B3B /* Info.plist */ = {isa = PBXFileReference; lastKnownFileType = text.plist.xml; path = Info.plist; sourceTree = "<group>"; };
		F246F6C025EFE20300571B3B /* astronauts.json */ = {isa = PBXFileReference; fileEncoding = 4; lastKnownFileType = text.json; path = astronauts.json; sourceTree = "<group>"; };
		F246F6C125EFE20300571B3B /* missions.json */ = {isa = PBXFileReference; fileEncoding = 4; lastKnownFileType = text.json; path = missions.json; sourceTree = "<group>"; };
		F246F6C525EFE8AA00571B3B /* Astronaut.swift */ = {isa = PBXFileReference; lastKnownFileType = sourcecode.swift; path = Astronaut.swift; sourceTree = "<group>"; };
		F246F6C825EFE94E00571B3B /* Bundle-Decodable.swift */ = {isa = PBXFileReference; lastKnownFileType = sourcecode.swift; path = "Bundle-Decodable.swift"; sourceTree = "<group>"; };
		F246F6CB25EFECE600571B3B /* Mission.swift */ = {isa = PBXFileReference; lastKnownFileType = sourcecode.swift; path = Mission.swift; sourceTree = "<group>"; };
		F2F25C0025F1259A0012A53B /* MissionView.swift */ = {isa = PBXFileReference; lastKnownFileType = sourcecode.swift; path = MissionView.swift; sourceTree = "<group>"; };
		F2F25C0325F133B30012A53B /* AstronautView.swift */ = {isa = PBXFileReference; lastKnownFileType = sourcecode.swift; path = AstronautView.swift; sourceTree = "<group>"; };
/* End PBXFileReference section */

/* Begin PBXFrameworksBuildPhase section */
		F246F6AA25EEAC3F00571B3B /* Frameworks */ = {
			isa = PBXFrameworksBuildPhase;
			buildActionMask = 2147483647;
			files = (
			);
			runOnlyForDeploymentPostprocessing = 0;
		};
/* End PBXFrameworksBuildPhase section */

/* Begin PBXGroup section */
		F246F6A425EEAC3F00571B3B = {
			isa = PBXGroup;
			children = (
				F246F6AF25EEAC3F00571B3B /* MoonShot */,
				F246F6AE25EEAC3F00571B3B /* Products */,
			);
			sourceTree = "<group>";
		};
		F246F6AE25EEAC3F00571B3B /* Products */ = {
			isa = PBXGroup;
			children = (
				F246F6AD25EEAC3F00571B3B /* MoonShot.app */,
			);
			name = Products;
			sourceTree = "<group>";
		};
		F246F6AF25EEAC3F00571B3B /* MoonShot */ = {
			isa = PBXGroup;
			children = (
				F246F6B025EEAC3F00571B3B /* MoonShotApp.swift */,
				F246F6C025EFE20300571B3B /* astronauts.json */,
				F246F6C125EFE20300571B3B /* missions.json */,
				F246F6CB25EFECE600571B3B /* Mission.swift */,
				F246F6B225EEAC3F00571B3B /* ContentView.swift */,
				F2F25C0325F133B30012A53B /* AstronautView.swift */,
				F246F6B425EEAC4200571B3B /* Assets.xcassets */,
				F246F6C525EFE8AA00571B3B /* Astronaut.swift */,
				F246F6C825EFE94E00571B3B /* Bundle-Decodable.swift */,
				F2F25C0025F1259A0012A53B /* MissionView.swift */,
				F246F6B925EEAC4200571B3B /* Info.plist */,
				F246F6B625EEAC4200571B3B /* Preview Content */,
			);
			path = MoonShot;
			sourceTree = "<group>";
		};
		F246F6B625EEAC4200571B3B /* Preview Content */ = {
			isa = PBXGroup;
			children = (
				F246F6B725EEAC4200571B3B /* Preview Assets.xcassets */,
			);
			path = "Preview Content";
			sourceTree = "<group>";
		};
/* End PBXGroup section */

/* Begin PBXNativeTarget section */
		F246F6AC25EEAC3F00571B3B /* MoonShot */ = {
			isa = PBXNativeTarget;
			buildConfigurationList = F246F6BC25EEAC4200571B3B /* Build configuration list for PBXNativeTarget "MoonShot" */;
			buildPhases = (
				F246F6A925EEAC3F00571B3B /* Sources */,
				F246F6AA25EEAC3F00571B3B /* Frameworks */,
				F246F6AB25EEAC3F00571B3B /* Resources */,
			);
			buildRules = (
			);
			dependencies = (
			);
			name = MoonShot;
			productName = MoonShot;
			productReference = F246F6AD25EEAC3F00571B3B /* MoonShot.app */;
			productType = "com.apple.product-type.application";
		};
/* End PBXNativeTarget section */

/* Begin PBXProject section */
		F246F6A525EEAC3F00571B3B /* Project object */ = {
			isa = PBXProject;
			attributes = {
				LastSwiftUpdateCheck = 1240;
				LastUpgradeCheck = 1240;
				TargetAttributes = {
					F246F6AC25EEAC3F00571B3B = {
						CreatedOnToolsVersion = 12.4;
					};
				};
			};
			buildConfigurationList = F246F6A825EEAC3F00571B3B /* Build configuration list for PBXProject "MoonShot" */;
			compatibilityVersion = "Xcode 9.3";
			developmentRegion = en;
			hasScannedForEncodings = 0;
			knownRegions = (
				en,
				Base,
			);
			mainGroup = F246F6A425EEAC3F00571B3B;
			productRefGroup = F246F6AE25EEAC3F00571B3B /* Products */;
			projectDirPath = "";
			projectRoot = "";
			targets = (
				F246F6AC25EEAC3F00571B3B /* MoonShot */,
			);
		};
/* End PBXProject section */

/* Begin PBXResourcesBuildPhase section */
		F246F6AB25EEAC3F00571B3B /* Resources */ = {
			isa = PBXResourcesBuildPhase;
			buildActionMask = 2147483647;
			files = (
				F246F6C225EFE20400571B3B /* astronauts.json in Resources */,
				F246F6B825EEAC4200571B3B /* Preview Assets.xcassets in Resources */,
				F246F6C325EFE20400571B3B /* missions.json in Resources */,
				F246F6B525EEAC4200571B3B /* Assets.xcassets in Resources */,
			);
			runOnlyForDeploymentPostprocessing = 0;
		};
/* End PBXResourcesBuildPhase section */

/* Begin PBXSourcesBuildPhase section */
		F246F6A925EEAC3F00571B3B /* Sources */ = {
			isa = PBXSourcesBuildPhase;
			buildActionMask = 2147483647;
			files = (
				F2F25C0425F133B30012A53B /* AstronautView.swift in Sources */,
				F246F6C625EFE8AA00571B3B /* Astronaut.swift in Sources */,
				F246F6B325EEAC3F00571B3B /* ContentView.swift in Sources */,
				F246F6B125EEAC3F00571B3B /* MoonShotApp.swift in Sources */,
				F246F6CC25EFECE600571B3B /* Mission.swift in Sources */,
				F246F6C925EFE94E00571B3B /* Bundle-Decodable.swift in Sources */,
				F2F25C0125F1259A0012A53B /* MissionView.swift in Sources */,
			);
			runOnlyForDeploymentPostprocessing = 0;
		};
/* End PBXSourcesBuildPhase section */

/* Begin XCBuildConfiguration section */
		F246F6BA25EEAC4200571B3B /* Debug */ = {
			isa = XCBuildConfiguration;
			buildSettings = {
				ALWAYS_SEARCH_USER_PATHS = NO;
				CLANG_ANALYZER_NONNULL = YES;
				CLANG_ANALYZER_NUMBER_OBJECT_CONVERSION = YES_AGGRESSIVE;
				CLANG_CXX_LANGUAGE_STANDARD = "gnu++14";
				CLANG_CXX_LIBRARY = "libc++";
				CLANG_ENABLE_MODULES = YES;
				CLANG_ENABLE_OBJC_ARC = YES;
				CLANG_ENABLE_OBJC_WEAK = YES;
				CLANG_WARN_BLOCK_CAPTURE_AUTORELEASING = YES;
				CLANG_WARN_BOOL_CONVERSION = YES;
				CLANG_WARN_COMMA = YES;
				CLANG_WARN_CONSTANT_CONVERSION = YES;
				CLANG_WARN_DEPRECATED_OBJC_IMPLEMENTATIONS = YES;
				CLANG_WARN_DIRECT_OBJC_ISA_USAGE = YES_ERROR;
				CLANG_WARN_DOCUMENTATION_COMMENTS = YES;
				CLANG_WARN_EMPTY_BODY = YES;
				CLANG_WARN_ENUM_CONVERSION = YES;
				CLANG_WARN_INFINITE_RECURSION = YES;
				CLANG_WARN_INT_CONVERSION = YES;
				CLANG_WARN_NON_LITERAL_NULL_CONVERSION = YES;
				CLANG_WARN_OBJC_IMPLICIT_RETAIN_SELF = YES;
				CLANG_WARN_OBJC_LITERAL_CONVERSION = YES;
				CLANG_WARN_OBJC_ROOT_CLASS = YES_ERROR;
				CLANG_WARN_QUOTED_INCLUDE_IN_FRAMEWORK_HEADER = YES;
				CLANG_WARN_RANGE_LOOP_ANALYSIS = YES;
				CLANG_WARN_STRICT_PROTOTYPES = YES;
				CLANG_WARN_SUSPICIOUS_MOVE = YES;
				CLANG_WARN_UNGUARDED_AVAILABILITY = YES_AGGRESSIVE;
				CLANG_WARN_UNREACHABLE_CODE = YES;
				CLANG_WARN__DUPLICATE_METHOD_MATCH = YES;
				COPY_PHASE_STRIP = NO;
				DEBUG_INFORMATION_FORMAT = dwarf;
				ENABLE_STRICT_OBJC_MSGSEND = YES;
				ENABLE_TESTABILITY = YES;
				GCC_C_LANGUAGE_STANDARD = gnu11;
				GCC_DYNAMIC_NO_PIC = NO;
				GCC_NO_COMMON_BLOCKS = YES;
				GCC_OPTIMIZATION_LEVEL = 0;
				GCC_PREPROCESSOR_DEFINITIONS = (
					"DEBUG=1",
					"$(inherited)",
				);
				GCC_WARN_64_TO_32_BIT_CONVERSION = YES;
				GCC_WARN_ABOUT_RETURN_TYPE = YES_ERROR;
				GCC_WARN_UNDECLARED_SELECTOR = YES;
				GCC_WARN_UNINITIALIZED_AUTOS = YES_AGGRESSIVE;
				GCC_WARN_UNUSED_FUNCTION = YES;
				GCC_WARN_UNUSED_VARIABLE = YES;
				IPHONEOS_DEPLOYMENT_TARGET = 14.4;
				MTL_ENABLE_DEBUG_INFO = INCLUDE_SOURCE;
				MTL_FAST_MATH = YES;
				ONLY_ACTIVE_ARCH = YES;
				SDKROOT = iphoneos;
				SWIFT_ACTIVE_COMPILATION_CONDITIONS = DEBUG;
				SWIFT_OPTIMIZATION_LEVEL = "-Onone";
			};
			name = Debug;
		};
		F246F6BB25EEAC4200571B3B /* Release */ = {
			isa = XCBuildConfiguration;
			buildSettings = {
				ALWAYS_SEARCH_USER_PATHS = NO;
				CLANG_ANALYZER_NONNULL = YES;
				CLANG_ANALYZER_NUMBER_OBJECT_CONVERSION = YES_AGGRESSIVE;
				CLANG_CXX_LANGUAGE_STANDARD = "gnu++14";
				CLANG_CXX_LIBRARY = "libc++";
				CLANG_ENABLE_MODULES = YES;
				CLANG_ENABLE_OBJC_ARC = YES;
				CLANG_ENABLE_OBJC_WEAK = YES;
				CLANG_WARN_BLOCK_CAPTURE_AUTORELEASING = YES;
				CLANG_WARN_BOOL_CONVERSION = YES;
				CLANG_WARN_COMMA = YES;
				CLANG_WARN_CONSTANT_CONVERSION = YES;
				CLANG_WARN_DEPRECATED_OBJC_IMPLEMENTATIONS = YES;
				CLANG_WARN_DIRECT_OBJC_ISA_USAGE = YES_ERROR;
				CLANG_WARN_DOCUMENTATION_COMMENTS = YES;
				CLANG_WARN_EMPTY_BODY = YES;
				CLANG_WARN_ENUM_CONVERSION = YES;
				CLANG_WARN_INFINITE_RECURSION = YES;
				CLANG_WARN_INT_CONVERSION = YES;
				CLANG_WARN_NON_LITERAL_NULL_CONVERSION = YES;
				CLANG_WARN_OBJC_IMPLICIT_RETAIN_SELF = YES;
				CLANG_WARN_OBJC_LITERAL_CONVERSION = YES;
				CLANG_WARN_OBJC_ROOT_CLASS = YES_ERROR;
				CLANG_WARN_QUOTED_INCLUDE_IN_FRAMEWORK_HEADER = YES;
				CLANG_WARN_RANGE_LOOP_ANALYSIS = YES;
				CLANG_WARN_STRICT_PROTOTYPES = YES;
				CLANG_WARN_SUSPICIOUS_MOVE = YES;
				CLANG_WARN_UNGUARDED_AVAILABILITY = YES_AGGRESSIVE;
				CLANG_WARN_UNREACHABLE_CODE = YES;
				CLANG_WARN__DUPLICATE_METHOD_MATCH = YES;
				COPY_PHASE_STRIP = NO;
				DEBUG_INFORMATION_FORMAT = "dwarf-with-dsym";
				ENABLE_NS_ASSERTIONS = NO;
				ENABLE_STRICT_OBJC_MSGSEND = YES;
				GCC_C_LANGUAGE_STANDARD = gnu11;
				GCC_NO_COMMON_BLOCKS = YES;
				GCC_WARN_64_TO_32_BIT_CONVERSION = YES;
				GCC_WARN_ABOUT_RETURN_TYPE = YES_ERROR;
				GCC_WARN_UNDECLARED_SELECTOR = YES;
				GCC_WARN_UNINITIALIZED_AUTOS = YES_AGGRESSIVE;
				GCC_WARN_UNUSED_FUNCTION = YES;
				GCC_WARN_UNUSED_VARIABLE = YES;
				IPHONEOS_DEPLOYMENT_TARGET = 14.4;
				MTL_ENABLE_DEBUG_INFO = NO;
				MTL_FAST_MATH = YES;
				SDKROOT = iphoneos;
				SWIFT_COMPILATION_MODE = wholemodule;
				SWIFT_OPTIMIZATION_LEVEL = "-O";
				VALIDATE_PRODUCT = YES;
			};
			name = Release;
		};
		F246F6BD25EEAC4200571B3B /* Debug */ = {
			isa = XCBuildConfiguration;
			buildSettings = {
				ASSETCATALOG_COMPILER_APPICON_NAME = AppIcon;
				ASSETCATALOG_COMPILER_GLOBAL_ACCENT_COLOR_NAME = AccentColor;
				CODE_SIGN_STYLE = Automatic;
				DEVELOPMENT_ASSET_PATHS = "\"MoonShot/Preview Content\"";
				ENABLE_PREVIEWS = YES;
				INFOPLIST_FILE = MoonShot/Info.plist;
				IPHONEOS_DEPLOYMENT_TARGET = 14.0;
				LD_RUNPATH_SEARCH_PATHS = (
					"$(inherited)",
					"@executable_path/Frameworks",
				);
				PRODUCT_BUNDLE_IDENTIFIER = me.che.MoonShot;
				PRODUCT_NAME = "$(TARGET_NAME)";
				SWIFT_VERSION = 5.0;
				TARGETED_DEVICE_FAMILY = "1,2";
			};
			name = Debug;
		};
		F246F6BE25EEAC4200571B3B /* Release */ = {
			isa = XCBuildConfiguration;
			buildSettings = {
				ASSETCATALOG_COMPILER_APPICON_NAME = AppIcon;
				ASSETCATALOG_COMPILER_GLOBAL_ACCENT_COLOR_NAME = AccentColor;
				CODE_SIGN_STYLE = Automatic;
				DEVELOPMENT_ASSET_PATHS = "\"MoonShot/Preview Content\"";
				ENABLE_PREVIEWS = YES;
				INFOPLIST_FILE = MoonShot/Info.plist;
				IPHONEOS_DEPLOYMENT_TARGET = 14.0;
				LD_RUNPATH_SEARCH_PATHS = (
					"$(inherited)",
					"@executable_path/Frameworks",
				);
				PRODUCT_BUNDLE_IDENTIFIER = me.che.MoonShot;
				PRODUCT_NAME = "$(TARGET_NAME)";
				SWIFT_VERSION = 5.0;
				TARGETED_DEVICE_FAMILY = "1,2";
			};
			name = Release;
		};
/* End XCBuildConfiguration section */

/* Begin XCConfigurationList section */
		F246F6A825EEAC3F00571B3B /* Build configuration list for PBXProject "MoonShot" */ = {
			isa = XCConfigurationList;
			buildConfigurations = (
				F246F6BA25EEAC4200571B3B /* Debug */,
				F246F6BB25EEAC4200571B3B /* Release */,
			);
			defaultConfigurationIsVisible = 0;
			defaultConfigurationName = Release;
		};
		F246F6BC25EEAC4200571B3B /* Build configuration list for PBXNativeTarget "MoonShot" */ = {
			isa = XCConfigurationList;
			buildConfigurations = (
				F246F6BD25EEAC4200571B3B /* Debug */,
				F246F6BE25EEAC4200571B3B /* Release */,
			);
			defaultConfigurationIsVisible = 0;
			defaultConfigurationName = Release;
		};
/* End XCConfigurationList section */
	};
	rootObject = F246F6A525EEAC3F00571B3B /* Project object */;
}
